
Microsoft Visual Studio Solution File, Format Version 12.00
# Visual Studio 15
VisualStudioVersion = 15.0.28307.271
MinimumVisualStudioVersion = 10.0.40219.1
Project("{FAE04EC0-301F-11D3-BF4B-00C04F79EFBC}") = "Gadget", "Gadget\Gadget.csproj", "{E3A35E4C-15A1-48BB-A6FD-9D8C59CB8D15}"
EndProject
Global
	GlobalSection(SolutionConfigurationPlatforms) = preSolution
		Debug|Any CPU = Debug|Any CPU
		Release|Any CPU = Release|Any CPU
	EndGlobalSection
	GlobalSection(ProjectConfigurationPlatforms) = postSolution
		{E3A35E4C-15A1-48BB-A6FD-9D8C59CB8D15}.Debug|Any CPU.ActiveCfg = Debug|Any CPU
		{E3A35E4C-15A1-48BB-A6FD-9D8C59CB8D15}.Debug|Any CPU.Build.0 = Debug|Any CPU
		{E3A35E4C-15A1-48BB-A6FD-9D8C59CB8D15}.Release|Any CPU.ActiveCfg = Release|Any CPU
		{E3A35E4C-15A1-48BB-A6FD-9D8C59CB8D15}.Release|Any CPU.Build.0 = Release|Any CPU
	EndGlobalSection
	GlobalSection(SolutionProperties) = preSolution
		HideSolutionNode = FALSE
	EndGlobalSection
	GlobalSection(ExtensibilityGlobals) = postSolution
		SolutionGuid = {D5C27757-46D0-485A-801C-5E466AD45765}
	EndGlobalSection
EndGlobal
